
Microsoft Visual Studio Solution File, Format Version 12.00
# Visual Studio 15
VisualStudioVersion = 15.0.28307.421
MinimumVisualStudioVersion = 10.0.40219.1
Project("{9A19103F-16F7-4668-BE54-9A1E7A4F7556}") = "TheProject.API", "src\TheProject.API\TheProject.API.csproj", "{62985B32-20ED-435B-8AC5-5B40D0BFD688}"
EndProject
Project("{9A19103F-16F7-4668-BE54-9A1E7A4F7556}") = "TheProject.EFCore", "src\TheProject.EFCore\TheProject.EFCore.csproj", "{1A93DE4E-B311-40D5-B5BA-BE89AAAD3767}"
EndProject
Project("{9A19103F-16F7-4668-BE54-9A1E7A4F7556}") = "TheProject.Core", "src\TheProject.Core\TheProject.Core.csproj", "{8A499141-BF74-42B2-8B75-A65456971B8B}"
EndProject
Project("{9A19103F-16F7-4668-BE54-9A1E7A4F7556}") = "TheProject.Application", "src\TheProject.Application\TheProject.Application.csproj", "{C64239D0-CBBA-4FA3-9FFC-DD0754B40B0A}"
EndProject
Project("{9A19103F-16F7-4668-BE54-9A1E7A4F7556}") = "TheProject.FileStore", "src\TheProject.FileStore\TheProject.FileStore.csproj", "{FB7CE402-7E4B-4047-9C93-91957550012F}"
EndProject
Project("{2150E333-8FDC-42A3-9474-1A3956D46DE8}") = "Solution Items", "Solution Items", "{4DB1C21F-5CFE-4462-8339-50B10CE755AA}"
	ProjectSection(SolutionItems) = preProject
		ReadMe.txt = ReadMe.txt
	EndProjectSection
EndProject
Global
	GlobalSection(SolutionConfigurationPlatforms) = preSolution
		Debug|Any CPU = Debug|Any CPU
		Release|Any CPU = Release|Any CPU
	EndGlobalSection
	GlobalSection(ProjectConfigurationPlatforms) = postSolution
		{62985B32-20ED-435B-8AC5-5B40D0BFD688}.Debug|Any CPU.ActiveCfg = Debug|Any CPU
		{62985B32-20ED-435B-8AC5-5B40D0BFD688}.Debug|Any CPU.Build.0 = Debug|Any CPU
		{62985B32-20ED-435B-8AC5-5B40D0BFD688}.Release|Any CPU.ActiveCfg = Release|Any CPU
		{62985B32-20ED-435B-8AC5-5B40D0BFD688}.Release|Any CPU.Build.0 = Release|Any CPU
		{1A93DE4E-B311-40D5-B5BA-BE89AAAD3767}.Debug|Any CPU.ActiveCfg = Debug|Any CPU
		{1A93DE4E-B311-40D5-B5BA-BE89AAAD3767}.Debug|Any CPU.Build.0 = Debug|Any CPU
		{1A93DE4E-B311-40D5-B5BA-BE89AAAD3767}.Release|Any CPU.ActiveCfg = Release|Any CPU
		{1A93DE4E-B311-40D5-B5BA-BE89AAAD3767}.Release|Any CPU.Build.0 = Release|Any CPU
		{8A499141-BF74-42B2-8B75-A65456971B8B}.Debug|Any CPU.ActiveCfg = Debug|Any CPU
		{8A499141-BF74-42B2-8B75-A65456971B8B}.Debug|Any CPU.Build.0 = Debug|Any CPU
		{8A499141-BF74-42B2-8B75-A65456971B8B}.Release|Any CPU.ActiveCfg = Release|Any CPU
		{8A499141-BF74-42B2-8B75-A65456971B8B}.Release|Any CPU.Build.0 = Release|Any CPU
		{C64239D0-CBBA-4FA3-9FFC-DD0754B40B0A}.Debug|Any CPU.ActiveCfg = Debug|Any CPU
		{C64239D0-CBBA-4FA3-9FFC-DD0754B40B0A}.Debug|Any CPU.Build.0 = Debug|Any CPU
		{C64239D0-CBBA-4FA3-9FFC-DD0754B40B0A}.Release|Any CPU.ActiveCfg = Release|Any CPU
		{C64239D0-CBBA-4FA3-9FFC-DD0754B40B0A}.Release|Any CPU.Build.0 = Release|Any CPU
		{FB7CE402-7E4B-4047-9C93-91957550012F}.Debug|Any CPU.ActiveCfg = Debug|Any CPU
		{FB7CE402-7E4B-4047-9C93-91957550012F}.Debug|Any CPU.Build.0 = Debug|Any CPU
		{FB7CE402-7E4B-4047-9C93-91957550012F}.Release|Any CPU.ActiveCfg = Release|Any CPU
		{FB7CE402-7E4B-4047-9C93-91957550012F}.Release|Any CPU.Build.0 = Release|Any CPU
	EndGlobalSection
	GlobalSection(SolutionProperties) = preSolution
		HideSolutionNode = FALSE
	EndGlobalSection
	GlobalSection(ExtensibilityGlobals) = postSolution
		SolutionGuid = {AF0B66DE-E269-4ED7-A0B5-47C9CA70C7CE}
	EndGlobalSection
EndGlobal
